// !$*UTF8*$!
{
	archiveVersion = 1;
	classes = {
	};
	objectVersion = 46;
	objects = {

/* Begin PBXBuildFile section */
		1CE2535C1E83C78A00CEF5BC /* KanjiKit.framework in Frameworks */ = {isa = PBXBuildFile; fileRef = 1CE253511E83C6B800CEF5BC /* KanjiKit.framework */; };
		1CE2535D1E83C78A00CEF5BC /* KanjiKit.framework in Embed Frameworks */ = {isa = PBXBuildFile; fileRef = 1CE253511E83C6B800CEF5BC /* KanjiKit.framework */; settings = {ATTRIBUTES = (CodeSignOnCopy, RemoveHeadersOnCopy, ); }; };
		1CE2535E1E83C78A00CEF5BC /* RxBlocking.framework in Frameworks */ = {isa = PBXBuildFile; fileRef = 1CE253521E83C6B900CEF5BC /* RxBlocking.framework */; };
		1CE2535F1E83C78A00CEF5BC /* RxBlocking.framework in Embed Frameworks */ = {isa = PBXBuildFile; fileRef = 1CE253521E83C6B900CEF5BC /* RxBlocking.framework */; settings = {ATTRIBUTES = (CodeSignOnCopy, RemoveHeadersOnCopy, ); }; };
		1CE253601E83C78A00CEF5BC /* RxCocoa.framework in Frameworks */ = {isa = PBXBuildFile; fileRef = 1CE253531E83C6B900CEF5BC /* RxCocoa.framework */; };
		1CE253611E83C78A00CEF5BC /* RxCocoa.framework in Embed Frameworks */ = {isa = PBXBuildFile; fileRef = 1CE253531E83C6B900CEF5BC /* RxCocoa.framework */; settings = {ATTRIBUTES = (CodeSignOnCopy, RemoveHeadersOnCopy, ); }; };
		1CE253621E83C78A00CEF5BC /* RxSwift.framework in Frameworks */ = {isa = PBXBuildFile; fileRef = 1CE253541E83C6B900CEF5BC /* RxSwift.framework */; };
		1CE253631E83C78A00CEF5BC /* RxSwift.framework in Embed Frameworks */ = {isa = PBXBuildFile; fileRef = 1CE253541E83C6B900CEF5BC /* RxSwift.framework */; settings = {ATTRIBUTES = (CodeSignOnCopy, RemoveHeadersOnCopy, ); }; };
		22CB36411E126744008EC10C /* AppDelegate.swift in Sources */ = {isa = PBXBuildFile; fileRef = 22CB36401E126744008EC10C /* AppDelegate.swift */; };
		22CB36431E126744008EC10C /* ViewController.swift in Sources */ = {isa = PBXBuildFile; fileRef = 22CB36421E126744008EC10C /* ViewController.swift */; };
		22CB36461E126744008EC10C /* Main.storyboard in Resources */ = {isa = PBXBuildFile; fileRef = 22CB36441E126744008EC10C /* Main.storyboard */; };
		22CB36481E126744008EC10C /* Assets.xcassets in Resources */ = {isa = PBXBuildFile; fileRef = 22CB36471E126744008EC10C /* Assets.xcassets */; };
		22CB364B1E126744008EC10C /* LaunchScreen.storyboard in Resources */ = {isa = PBXBuildFile; fileRef = 22CB36491E126744008EC10C /* LaunchScreen.storyboard */; };
/* End PBXBuildFile section */

/* Begin PBXCopyFilesBuildPhase section */
		1CE253661E83C78A00CEF5BC /* Embed Frameworks */ = {
			isa = PBXCopyFilesBuildPhase;
			buildActionMask = 2147483647;
			dstPath = "";
			dstSubfolderSpec = 10;
			files = (
				1CE253631E83C78A00CEF5BC /* RxSwift.framework in Embed Frameworks */,
				1CE253611E83C78A00CEF5BC /* RxCocoa.framework in Embed Frameworks */,
				1CE2535D1E83C78A00CEF5BC /* KanjiKit.framework in Embed Frameworks */,
				1CE2535F1E83C78A00CEF5BC /* RxBlocking.framework in Embed Frameworks */,
			);
			name = "Embed Frameworks";
			runOnlyForDeploymentPostprocessing = 0;
		};
/* End PBXCopyFilesBuildPhase section */

/* Begin PBXFileReference section */
		1CE253511E83C6B800CEF5BC /* KanjiKit.framework */ = {isa = PBXFileReference; lastKnownFileType = wrapper.framework; name = KanjiKit.framework; path = Carthage/Build/iOS/KanjiKit.framework; sourceTree = "<group>"; };
		1CE253521E83C6B900CEF5BC /* RxBlocking.framework */ = {isa = PBXFileReference; lastKnownFileType = wrapper.framework; name = RxBlocking.framework; path = Carthage/Build/iOS/RxBlocking.framework; sourceTree = "<group>"; };
		1CE253531E83C6B900CEF5BC /* RxCocoa.framework */ = {isa = PBXFileReference; lastKnownFileType = wrapper.framework; name = RxCocoa.framework; path = Carthage/Build/iOS/RxCocoa.framework; sourceTree = "<group>"; };
		1CE253541E83C6B900CEF5BC /* RxSwift.framework */ = {isa = PBXFileReference; lastKnownFileType = wrapper.framework; name = RxSwift.framework; path = Carthage/Build/iOS/RxSwift.framework; sourceTree = "<group>"; };
		1CE253551E83C6B900CEF5BC /* RxTest.framework */ = {isa = PBXFileReference; lastKnownFileType = wrapper.framework; name = RxTest.framework; path = Carthage/Build/iOS/RxTest.framework; sourceTree = "<group>"; };
		22CB363D1E126744008EC10C /* KanjiKan.app */ = {isa = PBXFileReference; explicitFileType = wrapper.application; includeInIndex = 0; path = KanjiKan.app; sourceTree = BUILT_PRODUCTS_DIR; };
		22CB36401E126744008EC10C /* AppDelegate.swift */ = {isa = PBXFileReference; lastKnownFileType = sourcecode.swift; path = AppDelegate.swift; sourceTree = "<group>"; };
		22CB36421E126744008EC10C /* ViewController.swift */ = {isa = PBXFileReference; lastKnownFileType = sourcecode.swift; path = ViewController.swift; sourceTree = "<group>"; };
		22CB36451E126744008EC10C /* Base */ = {isa = PBXFileReference; lastKnownFileType = file.storyboard; name = Base; path = Base.lproj/Main.storyboard; sourceTree = "<group>"; };
		22CB36471E126744008EC10C /* Assets.xcassets */ = {isa = PBXFileReference; lastKnownFileType = folder.assetcatalog; path = Assets.xcassets; sourceTree = "<group>"; };
		22CB364A1E126744008EC10C /* Base */ = {isa = PBXFileReference; lastKnownFileType = file.storyboard; name = Base; path = Base.lproj/LaunchScreen.storyboard; sourceTree = "<group>"; };
		22CB364C1E126744008EC10C /* Info.plist */ = {isa = PBXFileReference; lastKnownFileType = text.plist.xml; path = Info.plist; sourceTree = "<group>"; };
/* End PBXFileReference section */

/* Begin PBXFrameworksBuildPhase section */
		22CB363A1E126744008EC10C /* Frameworks */ = {
			isa = PBXFrameworksBuildPhase;
			buildActionMask = 2147483647;
			files = (
				1CE253621E83C78A00CEF5BC /* RxSwift.framework in Frameworks */,
				1CE253601E83C78A00CEF5BC /* RxCocoa.framework in Frameworks */,
				1CE2535C1E83C78A00CEF5BC /* KanjiKit.framework in Frameworks */,
				1CE2535E1E83C78A00CEF5BC /* RxBlocking.framework in Frameworks */,
			);
			runOnlyForDeploymentPostprocessing = 0;
		};
/* End PBXFrameworksBuildPhase section */

/* Begin PBXGroup section */
		1CE2535B1E83C6BD00CEF5BC /* Frameworks */ = {
			isa = PBXGroup;
			children = (
				1CE253511E83C6B800CEF5BC /* KanjiKit.framework */,
				1CE253521E83C6B900CEF5BC /* RxBlocking.framework */,
				1CE253531E83C6B900CEF5BC /* RxCocoa.framework */,
				1CE253541E83C6B900CEF5BC /* RxSwift.framework */,
				1CE253551E83C6B900CEF5BC /* RxTest.framework */,
			);
			name = Frameworks;
			sourceTree = "<group>";
		};
		22CB36341E126744008EC10C = {
			isa = PBXGroup;
			children = (
				22CB363F1E126744008EC10C /* KanjiKan */,
				22CB363E1E126744008EC10C /* Products */,
				1CE2535B1E83C6BD00CEF5BC /* Frameworks */,
			);
			sourceTree = "<group>";
		};
		22CB363E1E126744008EC10C /* Products */ = {
			isa = PBXGroup;
			children = (
				22CB363D1E126744008EC10C /* KanjiKan.app */,
			);
			name = Products;
			sourceTree = "<group>";
		};
		22CB363F1E126744008EC10C /* KanjiKan */ = {
			isa = PBXGroup;
			children = (
				22CB36401E126744008EC10C /* AppDelegate.swift */,
				22CB36421E126744008EC10C /* ViewController.swift */,
				22CB36441E126744008EC10C /* Main.storyboard */,
				22CB36471E126744008EC10C /* Assets.xcassets */,
				22CB36491E126744008EC10C /* LaunchScreen.storyboard */,
				22CB364C1E126744008EC10C /* Info.plist */,
			);
			path = KanjiKan;
			sourceTree = "<group>";
		};
/* End PBXGroup section */

/* Begin PBXNativeTarget section */
		22CB363C1E126744008EC10C /* KanjiKan */ = {
			isa = PBXNativeTarget;
			buildConfigurationList = 22CB364F1E126744008EC10C /* Build configuration list for PBXNativeTarget "KanjiKan" */;
			buildPhases = (
				22CB36391E126744008EC10C /* Sources */,
				22CB363A1E126744008EC10C /* Frameworks */,
				22CB363B1E126744008EC10C /* Resources */,
				1CE253661E83C78A00CEF5BC /* Embed Frameworks */,
			);
			buildRules = (
			);
			dependencies = (
			);
			name = KanjiKan;
			productName = KanjiKan;
			productReference = 22CB363D1E126744008EC10C /* KanjiKan.app */;
			productType = "com.apple.product-type.application";
		};
/* End PBXNativeTarget section */

/* Begin PBXProject section */
		22CB36351E126744008EC10C /* Project object */ = {
			isa = PBXProject;
			attributes = {
				LastSwiftUpdateCheck = 0820;
				LastUpgradeCheck = 0820;
				ORGANIZATIONNAME = "Kanji Kan";
				TargetAttributes = {
					22CB363C1E126744008EC10C = {
						CreatedOnToolsVersion = 8.2.1;
						ProvisioningStyle = Automatic;
					};
				};
			};
			buildConfigurationList = 22CB36381E126744008EC10C /* Build configuration list for PBXProject "KanjiKan" */;
			compatibilityVersion = "Xcode 3.2";
			developmentRegion = English;
			hasScannedForEncodings = 0;
			knownRegions = (
				en,
				Base,
			);
			mainGroup = 22CB36341E126744008EC10C;
			productRefGroup = 22CB363E1E126744008EC10C /* Products */;
			projectDirPath = "";
			projectRoot = "";
			targets = (
				22CB363C1E126744008EC10C /* KanjiKan */,
			);
		};
/* End PBXProject section */

/* Begin PBXResourcesBuildPhase section */
		22CB363B1E126744008EC10C /* Resources */ = {
			isa = PBXResourcesBuildPhase;
			buildActionMask = 2147483647;
			files = (
				22CB364B1E126744008EC10C /* LaunchScreen.storyboard in Resources */,
				22CB36481E126744008EC10C /* Assets.xcassets in Resources */,
				22CB36461E126744008EC10C /* Main.storyboard in Resources */,
			);
			runOnlyForDeploymentPostprocessing = 0;
		};
/* End PBXResourcesBuildPhase section */

/* Begin PBXSourcesBuildPhase section */
		22CB36391E126744008EC10C /* Sources */ = {
			isa = PBXSourcesBuildPhase;
			buildActionMask = 2147483647;
			files = (
				22CB36431E126744008EC10C /* ViewController.swift in Sources */,
				22CB36411E126744008EC10C /* AppDelegate.swift in Sources */,
			);
			runOnlyForDeploymentPostprocessing = 0;
		};
/* End PBXSourcesBuildPhase section */

/* Begin PBXVariantGroup section */
		22CB36441E126744008EC10C /* Main.storyboard */ = {
			isa = PBXVariantGroup;
			children = (
				22CB36451E126744008EC10C /* Base */,
			);
			name = Main.storyboard;
			sourceTree = "<group>";
		};
		22CB36491E126744008EC10C /* LaunchScreen.storyboard */ = {
			isa = PBXVariantGroup;
			children = (
				22CB364A1E126744008EC10C /* Base */,
			);
			name = LaunchScreen.storyboard;
			sourceTree = "<group>";
		};
/* End PBXVariantGroup section */

/* Begin XCBuildConfiguration section */
		22CB364D1E126744008EC10C /* Debug */ = {
			isa = XCBuildConfiguration;
			buildSettings = {
				ALWAYS_SEARCH_USER_PATHS = NO;
				CLANG_ANALYZER_NONNULL = YES;
				CLANG_CXX_LANGUAGE_STANDARD = "gnu++0x";
				CLANG_CXX_LIBRARY = "libc++";
				CLANG_ENABLE_MODULES = YES;
				CLANG_ENABLE_OBJC_ARC = YES;
				CLANG_WARN_BOOL_CONVERSION = YES;
				CLANG_WARN_CONSTANT_CONVERSION = YES;
				CLANG_WARN_DIRECT_OBJC_ISA_USAGE = YES_ERROR;
				CLANG_WARN_DOCUMENTATION_COMMENTS = YES;
				CLANG_WARN_EMPTY_BODY = YES;
				CLANG_WARN_ENUM_CONVERSION = YES;
				CLANG_WARN_INFINITE_RECURSION = YES;
				CLANG_WARN_INT_CONVERSION = YES;
				CLANG_WARN_OBJC_ROOT_CLASS = YES_ERROR;
				CLANG_WARN_SUSPICIOUS_MOVE = YES;
				CLANG_WARN_UNREACHABLE_CODE = YES;
				CLANG_WARN__DUPLICATE_METHOD_MATCH = YES;
				"CODE_SIGN_IDENTITY[sdk=iphoneos*]" = "iPhone Developer";
				COPY_PHASE_STRIP = NO;
				DEBUG_INFORMATION_FORMAT = dwarf;
				ENABLE_STRICT_OBJC_MSGSEND = YES;
				ENABLE_TESTABILITY = YES;
				GCC_C_LANGUAGE_STANDARD = gnu99;
				GCC_DYNAMIC_NO_PIC = NO;
				GCC_NO_COMMON_BLOCKS = YES;
				GCC_OPTIMIZATION_LEVEL = 0;
				GCC_PREPROCESSOR_DEFINITIONS = (
					"DEBUG=1",
					"$(inherited)",
				);
				GCC_WARN_64_TO_32_BIT_CONVERSION = YES;
				GCC_WARN_ABOUT_RETURN_TYPE = YES_ERROR;
				GCC_WARN_UNDECLARED_SELECTOR = YES;
				GCC_WARN_UNINITIALIZED_AUTOS = YES_AGGRESSIVE;
				GCC_WARN_UNUSED_FUNCTION = YES;
				GCC_WARN_UNUSED_VARIABLE = YES;
				IPHONEOS_DEPLOYMENT_TARGET = 10.2;
				MTL_ENABLE_DEBUG_INFO = YES;
				ONLY_ACTIVE_ARCH = YES;
				SDKROOT = iphoneos;
				SWIFT_ACTIVE_COMPILATION_CONDITIONS = DEBUG;
				SWIFT_OPTIMIZATION_LEVEL = "-Onone";
			};
			name = Debug;
		};
		22CB364E1E126744008EC10C /* Release */ = {
			isa = XCBuildConfiguration;
			buildSettings = {
				ALWAYS_SEARCH_USER_PATHS = NO;
				CLANG_ANALYZER_NONNULL = YES;
				CLANG_CXX_LANGUAGE_STANDARD = "gnu++0x";
				CLANG_CXX_LIBRARY = "libc++";
				CLANG_ENABLE_MODULES = YES;
				CLANG_ENABLE_OBJC_ARC = YES;
				CLANG_WARN_BOOL_CONVERSION = YES;
				CLANG_WARN_CONSTANT_CONVERSION = YES;
				CLANG_WARN_DIRECT_OBJC_ISA_USAGE = YES_ERROR;
				CLANG_WARN_DOCUMENTATION_COMMENTS = YES;
				CLANG_WARN_EMPTY_BODY = YES;
				CLANG_WARN_ENUM_CONVERSION = YES;
				CLANG_WARN_INFINITE_RECURSION = YES;
				CLANG_WARN_INT_CONVERSION = YES;
				CLANG_WARN_OBJC_ROOT_CLASS = YES_ERROR;
				CLANG_WARN_SUSPICIOUS_MOVE = YES;
				CLANG_WARN_UNREACHABLE_CODE = YES;
				CLANG_WARN__DUPLICATE_METHOD_MATCH = YES;
				"CODE_SIGN_IDENTITY[sdk=iphoneos*]" = "iPhone Developer";
				COPY_PHASE_STRIP = NO;
				DEBUG_INFORMATION_FORMAT = "dwarf-with-dsym";
				ENABLE_NS_ASSERTIONS = NO;
				ENABLE_STRICT_OBJC_MSGSEND = YES;
				GCC_C_LANGUAGE_STANDARD = gnu99;
				GCC_NO_COMMON_BLOCKS = YES;
				GCC_WARN_64_TO_32_BIT_CONVERSION = YES;
				GCC_WARN_ABOUT_RETURN_TYPE = YES_ERROR;
				GCC_WARN_UNDECLARED_SELECTOR = YES;
				GCC_WARN_UNINITIALIZED_AUTOS = YES_AGGRESSIVE;
				GCC_WARN_UNUSED_FUNCTION = YES;
				GCC_WARN_UNUSED_VARIABLE = YES;
				IPHONEOS_DEPLOYMENT_TARGET = 10.2;
				MTL_ENABLE_DEBUG_INFO = NO;
				SDKROOT = iphoneos;
				SWIFT_OPTIMIZATION_LEVEL = "-Owholemodule";
				VALIDATE_PRODUCT = YES;
			};
			name = Release;
		};
		22CB36501E126744008EC10C /* Debug */ = {
			isa = XCBuildConfiguration;
			buildSettings = {
				ASSETCATALOG_COMPILER_APPICON_NAME = AppIcon;
				FRAMEWORK_SEARCH_PATHS = (
					"$(inherited)",
					"$(PROJECT_DIR)/Carthage/Build/iOS",
				);
				INFOPLIST_FILE = KanjiKan/Info.plist;
				LD_RUNPATH_SEARCH_PATHS = "$(inherited) @executable_path/Frameworks";
				PRODUCT_BUNDLE_IDENTIFIER = com.kanjikan.KanjiKan;
				PRODUCT_NAME = "$(TARGET_NAME)";
				SWIFT_VERSION = 3.0;
			};
			name = Debug;
		};
		22CB36511E126744008EC10C /* Release */ = {
			isa = XCBuildConfiguration;
			buildSettings = {
				ASSETCATALOG_COMPILER_APPICON_NAME = AppIcon;
				FRAMEWORK_SEARCH_PATHS = (
					"$(inherited)",
					"$(PROJECT_DIR)/Carthage/Build/iOS",
				);
				INFOPLIST_FILE = KanjiKan/Info.plist;
				LD_RUNPATH_SEARCH_PATHS = "$(inherited) @executable_path/Frameworks";
				PRODUCT_BUNDLE_IDENTIFIER = com.kanjikan.KanjiKan;
				PRODUCT_NAME = "$(TARGET_NAME)";
				SWIFT_VERSION = 3.0;
			};
			name = Release;
		};
/* End XCBuildConfiguration section */

/* Begin XCConfigurationList section */
		22CB36381E126744008EC10C /* Build configuration list for PBXProject "KanjiKan" */ = {
			isa = XCConfigurationList;
			buildConfigurations = (
				22CB364D1E126744008EC10C /* Debug */,
				22CB364E1E126744008EC10C /* Release */,
			);
			defaultConfigurationIsVisible = 0;
			defaultConfigurationName = Release;
		};
		22CB364F1E126744008EC10C /* Build configuration list for PBXNativeTarget "KanjiKan" */ = {
			isa = XCConfigurationList;
			buildConfigurations = (
				22CB36501E126744008EC10C /* Debug */,
				22CB36511E126744008EC10C /* Release */,
			);
			defaultConfigurationIsVisible = 0;
			defaultConfigurationName = Release;
		};
/* End XCConfigurationList section */
	};
	rootObject = 22CB36351E126744008EC10C /* Project object */;
}
